{
  "name": "node-todo-cicd",
  "version": "1.0.0",
  "lockfileVersion": 2,
  "dependencies": {
    "body-parser": {
      "version": "1.20.1",
      "resolved": "https://registry.npmjs.org/body-parser/-/body-parser-1.20.1.tgz",
      "integrity": "sha512-oUnk5ztLTFD1xftL1dVsfAOvV69jS0HzmVea1Zz6fpLnsZgfl9z+rV7Z9hzt9+Ho7bpAoOY9Fh0YjB36d48g0A==",
      "dev": true
    },
    "ejs": {
      "version": "3.1.9",
      "resolved": "https://registry.npmjs.org/ejs/-/ejs-3.1.9.tgz",
      "integrity": "sha512-r+VZnAzPExY6T2eqO1Z5mW2FS6nzdqk2u2FYY9a49At4Sx+5SY5ldYoDCvIZlBBGwhu1azCp6QqFJUE+12u0ZA=="
    },
    "express": {
      "version": "4.18.2",
      "resolved": "https://registry.npmjs.org/express/-/express-4.18.2.tgz",
      "integrity": "sha512-lk39ex2+zWzXGjO++tk0rpDWdYtvbVZ5SjhDshdVke6VjeM50kZbpXxFbe6LoeNfozQsA3xAkNVeOd+ehUzP1g==",
      "dev": true
    },
    "npm": {
      "version": "8.5.5",
      "resolved": "https://registry.npmjs.org/npm/-/npm-8.5.5.tgz",
      "integrity": "sha512-8k2tQ47nBxU+YrflhWyRlLPC07G0iJeA4t8mknnpgQtsLhg4W9Vdp0WJmxHjtWV7ZP2+qkjne/TlzDsdgrZXfQ=="
    }
  }
}
