{
  "name": "todo-app",
  "version": "1.0.0",
  "lockfileVersion": 1,
  "dependencies": {
    "body-parser": {
      "version": "1.19.0",
      "resolved": "https://registry.npmjs.org/body-parser/-/body-parser-1.19.0.tgz",
      "integrity": "sha512-...",
      "dev": true,
      "engines": {
        "node": ">= 0.10.0"
      },
      "dependencies": {
        "bytes": "3.1.0",
        "content-type": "~1.0.4",
        "debug": "2.6.9",
        "depd": "1.1.2",
        "http-errors": "1.7.2",
        "iconv-lite": "0.4.24",
        "on-finished": "2.3.0",
        "qs": "6.7.0",
        "raw-body": "2.4.0",
        "type-is": "1.6.18"
      }
    },
    "express": {
      "version": "4.17.1",
      "resolved": "https://registry.npmjs.org/express/-/express-4.17.1.tgz",
      "integrity": "sha512-...",
      "dev": true,
      "engines": {
        "node": ">= 0.10.0"
      },
      "dependencies": {
        "accepts": "~1.3.7",
        "array-flatten": "1.1.1",
        "body-parser": "1.19.0",
        "cookie": "0.4.1",
        "cookie-signature": "1.0.6",
        "debug": "2.6.9",
        "depd": "1.1.2",
        "http-errors": "1.7.2",
        "multiparty": "4.2.2",
        "on-finished": "2.3.0",
        "parseurl": "~1.3.3",
        "path-to-regexp": "~0.1.7",
        "proxy-addr": "~2.1.5",
        "qs": "6.7.0",
        "range-parser": "~1.2.1",
        "safe-buffer": "5.1.2",
        "send": "0.17.1",
        "serve-static": "1.14.1",
        "type-is": "~1.6.18",
        "utils-merge": "1.0.1"
      }
    },
    "method-override": {
      "version": "3.0.0",
      "resolved": "https://registry.npmjs.org/method-override/-/method-override-3.0.0.tgz",
      "integrity": "sha512-...",
      "dev": true,
      "engines": {
        "node": ">= 0.10.0"
      }
    },
    "sanitizer": {
      "version": "1.0.0",
      "resolved": "https://registry.npmjs.org/sanitizer/-/sanitizer-1.0.0.tgz",
      "integrity": "sha512-...",
      "dev": true
    },
    "ejs": {
      "version": "3.1.6",
      "resolved": "https://registry.npmjs.org/ejs/-/ejs
